{
    "brianium/habitat": {
        "version": "v1.0.0"
    },
    "clue/stream-filter": {
        "version": "v1.4.1"
    },
    "composer/semver": {
        "version": "1.5.0"
    },
    "doctrine/annotations": {
        "version": "2.0",
        "recipe": {
            "repo": "github.com/symfony/recipes",
            "branch": "main",
            "version": "1.10",
            "ref": "64d8583af5ea57b7afa4aba4b159907f3a148b05"
        }
    },
    "doctrine/doctrine-bundle": {
        "version": "2.7",
        "recipe": {
            "repo": "github.com/symfony/recipes",
            "branch": "main",
            "version": "2.4",
            "ref": "013b823e7fee65890b23e40f31e6667a1ac519ac"
        },
        "files": [
            "config/packages/doctrine.yaml",
            "src/Entity/.gitignore",
            "src/Repository/.gitignore"
        ]
    },
    "doctrine/doctrine-migrations-bundle": {
        "version": "3.2",
        "recipe": {
            "repo": "github.com/symfony/recipes",
            "branch": "main",
            "version": "3.1",
            "ref": "1d01ec03c6ecbd67c3375c5478c9a423ae5d6a33"
        },
        "files": [
            "config/packages/doctrine_migrations.yaml",
            "migrations/.gitignore"
        ]
    },
    "guzzlehttp/guzzle": {
        "version": "6.3.3"
    },
    "guzzlehttp/promises": {
        "version": "v1.3.1"
    },
    "guzzlehttp/psr7": {
        "version": "1.6.1"
    },
    "http-interop/http-factory-guzzle": {
        "version": "1.0.0"
    },
    "league/html-to-markdown": {
        "version": "4.8.2"
    },
    "monolog/monolog": {
        "version": "1.25.1"
    },
    "myclabs/deep-copy": {
        "version": "1.9.3"
    },
    "phar-io/manifest": {
        "version": "1.0.3"
    },
    "phar-io/version": {
        "version": "2.0.1"
    },
    "php-http/client-common": {
        "version": "2.0.0"
    },
    "php-http/curl-client": {
        "version": "2.0.0"
    },
    "php-http/discovery": {
        "version": "1.7.0"
    },
    "php-http/guzzle6-adapter": {
        "version": "v2.0.1"
    },
    "php-http/httplug": {
        "version": "v2.0.0"
    },
    "php-http/message": {
        "version": "1.8.0"
    },
    "php-http/message-factory": {
        "version": "v1.0.2"
    },
    "php-http/promise": {
        "version": "v1.0.0"
    },
    "phpdocumentor/reflection-common": {
        "version": "2.0.0"
    },
    "phpdocumentor/reflection-docblock": {
        "version": "4.3.2"
    },
    "phpdocumentor/type-resolver": {
        "version": "1.0.1"
    },
    "phpspec/prophecy": {
        "version": "1.9.0"
    },
    "phpunit/php-code-coverage": {
        "version": "7.0.8"
    },
    "phpunit/php-file-iterator": {
        "version": "2.0.2"
    },
    "phpunit/php-text-template": {
        "version": "1.2.1"
    },
    "phpunit/php-timer": {
        "version": "2.1.2"
    },
    "phpunit/php-token-stream": {
        "version": "3.1.1"
    },
    "phpunit/phpunit": {
        "version": "4.7",
        "recipe": {
            "repo": "github.com/symfony/recipes",
            "branch": "master",
            "version": "4.7",
            "ref": "33b1f53500a7b822985048baf55456aa5281405a"
        },
        "files": [
            ".env.test",
            "phpunit.xml.dist",
            "config/bootstrap.php",
            "tests/.gitignore"
        ]
    },
    "psr/http-client": {
        "version": "1.0.0"
    },
    "psr/http-factory": {
        "version": "1.0.1"
    },
    "psr/http-message": {
        "version": "1.0.1"
    },
    "ralouphie/getallheaders": {
        "version": "3.0.3"
    },
    "ramsey/uuid": {
        "version": "3.8.0"
    },
    "sebastian/code-unit-reverse-lookup": {
        "version": "1.0.1"
    },
    "sebastian/comparator": {
        "version": "3.0.2"
    },
    "sebastian/diff": {
        "version": "3.0.2"
    },
    "sebastian/environment": {
        "version": "4.2.2"
    },
    "sebastian/exporter": {
        "version": "3.1.2"
    },
    "sebastian/global-state": {
        "version": "3.0.0"
    },
    "sebastian/object-enumerator": {
        "version": "3.0.3"
    },
    "sebastian/object-reflector": {
        "version": "1.1.1"
    },
    "sebastian/recursion-context": {
        "version": "3.0.0"
    },
    "sebastian/resource-operations": {
        "version": "2.0.1"
    },
    "sebastian/type": {
        "version": "1.1.3"
    },
    "sebastian/version": {
        "version": "2.0.1"
    },
    "sentry/sdk": {
        "version": "2.0.4"
    },
    "sentry/sentry": {
        "version": "2.2.2"
    },
    "sentry/sentry-symfony": {
        "version": "3.0",
        "recipe": {
            "repo": "github.com/symfony/recipes-contrib",
            "branch": "master",
            "version": "3.0",
            "ref": "9746f0823302d7980e5273ef7a69ef3f5ac80914"
        },
        "files": [
            "config/packages/sentry.yaml"
        ]
    },
    "symfony/browser-kit": {
        "version": "v4.3.5"
    },
    "symfony/console": {
        "version": "6.0",
        "recipe": {
            "repo": "github.com/symfony/recipes",
            "branch": "main",
            "version": "5.3",
            "ref": "da0c8be8157600ad34f10ff0c9cc91232522e047"
        },
        "files": [
            "bin/console"
        ]
    },
    "symfony/css-selector": {
        "version": "v4.3.5"
    },
    "symfony/dom-crawler": {
        "version": "v4.3.5"
    },
    "symfony/flex": {
        "version": "2.3",
        "recipe": {
            "repo": "github.com/symfony/recipes",
            "branch": "main",
            "version": "1.0",
            "ref": "146251ae39e06a95be0fe3d13c807bcf3938b172"
        },
        "files": [
            ".env"
        ]
    },
    "symfony/framework-bundle": {
        "version": "6.0",
        "recipe": {
            "repo": "github.com/symfony/recipes",
            "branch": "main",
            "version": "5.4",
            "ref": "3cd216a4d007b78d8554d44a5b1c0a446dab24fb"
        },
        "files": [
            "config/packages/cache.yaml",
            "config/packages/framework.yaml",
            "config/preload.php",
            "config/routes/framework.yaml",
            "config/services.yaml",
            "public/index.php",
            "src/Controller/.gitignore",
            "src/Kernel.php"
        ]
    },
    "symfony/inflector": {
        "version": "v4.3.5"
    },
    "symfony/monolog-bridge": {
        "version": "v4.3.5"
    },
    "symfony/monolog-bundle": {
        "version": "3.3",
        "recipe": {
            "repo": "github.com/symfony/recipes",
            "branch": "master",
            "version": "3.3",
            "ref": "6240c6d43e8237a32452f057f81816820fd56ab6"
        },
        "files": [
            "config/packages/dev/monolog.yaml",
            "config/packages/prod/monolog.yaml",
            "config/packages/test/monolog.yaml"
        ]
    },
    "symfony/notifier": {
        "version": "6.0",
        "recipe": {
            "repo": "github.com/symfony/recipes",
            "branch": "main",
            "version": "5.0",
            "ref": "178877daf79d2dbd62129dd03612cb1a2cb407cc"
        },
        "files": [
            "config/packages/notifier.yaml"
        ]
    },
    "symfony/options-resolver": {
        "version": "v4.3.5"
    },
    "symfony/phpunit-bridge": {
        "version": "4.3",
        "recipe": {
            "repo": "github.com/symfony/recipes",
            "branch": "master",
            "version": "4.3",
            "ref": "b0582341f1df39aaf3a9a866cdbe49937da35984"
        },
        "files": [
            ".env.test",
            "bin/phpunit",
            "config/bootstrap.php",
            "phpunit.xml.dist",
            "tests/.gitignore"
        ]
    },
    "symfony/property-access": {
        "version": "v4.3.5"
    },
    "symfony/property-info": {
        "version": "v4.3.5"
    },
    "symfony/routing": {
        "version": "6.0",
        "recipe": {
            "repo": "github.com/symfony/recipes",
            "branch": "main",
            "version": "6.0",
            "ref": "eb3b377a4dc07006c4bdb2c773652cc9434f5246"
        },
        "files": [
            "config/packages/routing.yaml",
            "config/routes.yaml"
        ]
    },
    "symfony/security-core": {
        "version": "v4.3.5"
    },
    "symfony/serializer": {
        "version": "v4.3.5"
    },
    "symfony/telegram-notifier": {
        "version": "6.1",
        "recipe": {
            "repo": "github.com/symfony/recipes",
            "branch": "main",
            "version": "5.0",
            "ref": "6cecb59a0e96c9e1cee469f2b82fa920101a68e8"
        }
    },
    "symfony/test-pack": {
        "version": "v1.0.6"
    },
    "tg-bot-api/bot-api-base": {
        "version": "1.1.0"
    },
    "theseer/tokenizer": {
        "version": "1.1.3"
    },
    "webmozart/assert": {
        "version": "1.5.0"
    },
    "zendframework/zend-diactoros": {
        "version": "2.1.5"
    }
}
